# THIS IS AN AUTOGENERATED FILE. DO NOT EDIT THIS FILE DIRECTLY.
# yarn lockfile v1


amphtml-validator@^1.0.30:
  version "1.0.30"
  resolved "https://registry.yarnpkg.com/amphtml-validator/-/amphtml-validator-1.0.30.tgz#b722ea5e965d0cc028cbdc360fc76b97e669715e"
  integrity sha512-CaEm2ivIi4M4QTiFnCE9t4MRgawCf88iAV/+VsS0zEw6T4VBU6zoXcgn4L+dt6/WZ/NYxKpc38duSoRLqZJhNQ==
  dependencies:
    colors "1.2.5"
    commander "2.15.1"
    promise "8.0.1"

asap@~2.0.3:
  version "2.0.6"
  resolved "https://registry.yarnpkg.com/asap/-/asap-2.0.6.tgz#e50347611d7e690943208bbdafebcbc2fb866d46"
  integrity sha1-5QNHYR1+aQlDIIu9r+vLwvuGbUY=

colors@1.2.5:
  version "1.2.5"
  resolved "https://registry.yarnpkg.com/colors/-/colors-1.2.5.tgz#89c7ad9a374bc030df8013241f68136ed8835afc"
  integrity sha512-erNRLao/Y3Fv54qUa0LBB+//Uf3YwMUmdJinN20yMXm9zdKKqH9wt7R9IIVZ+K7ShzfpLV/Zg8+VyrBJYB4lpg==

commander@2.15.1:
  version "2.15.1"
  resolved "https://registry.yarnpkg.com/commander/-/commander-2.15.1.tgz#df46e867d0fc2aec66a34662b406a9ccafff5b0f"
  integrity sha512-VlfT9F3V0v+jr4yxPc5gg9s62/fIVWsd2Bk2iD435um1NlGMYdVCq+MjcXnhYq2icNOizHr1kK+5TI6H0Hy0ag==

promise@8.0.1:
  version "8.0.1"
  resolved "https://registry.yarnpkg.com/promise/-/promise-8.0.1.tgz#e45d68b00a17647b6da711bf85ed6ed47208f450"
  integrity sha1-5F1osAoXZHttpxG/he1u1HII9FA=
  dependencies:
    asap "~2.0.3"
